// !$*UTF8*$!
{
	archiveVersion = 1;
	classes = {
	};
	objectVersion = 50;
	objects = {

/* Begin PBXBuildFile section */
		D858AA5E004C6E51295CA094 /* Pods_StyledStringTv.framework in Frameworks */ = {isa = PBXBuildFile; fileRef = 8E5B54DA34D633C62A2F6457 /* Pods_StyledStringTv.framework */; };
		E2ED426420B1A6450099829B /* AppDelegate.swift in Sources */ = {isa = PBXBuildFile; fileRef = E2ED426320B1A6450099829B /* AppDelegate.swift */; };
		E2ED426620B1A6450099829B /* ViewController.swift in Sources */ = {isa = PBXBuildFile; fileRef = E2ED426520B1A6450099829B /* ViewController.swift */; };
		E2ED426920B1A6450099829B /* Main.storyboard in Resources */ = {isa = PBXBuildFile; fileRef = E2ED426720B1A6450099829B /* Main.storyboard */; };
		E2ED426B20B1A6470099829B /* Assets.xcassets in Resources */ = {isa = PBXBuildFile; fileRef = E2ED426A20B1A6470099829B /* Assets.xcassets */; };
/* End PBXBuildFile section */

/* Begin PBXFileReference section */
		1D96188CFDB2316B139B3D6A /* Pods-StyledStringTv.release.xcconfig */ = {isa = PBXFileReference; includeInIndex = 1; lastKnownFileType = text.xcconfig; name = "Pods-StyledStringTv.release.xcconfig"; path = "Pods/Target Support Files/Pods-StyledStringTv/Pods-StyledStringTv.release.xcconfig"; sourceTree = "<group>"; };
		8E5B54DA34D633C62A2F6457 /* Pods_StyledStringTv.framework */ = {isa = PBXFileReference; explicitFileType = wrapper.framework; includeInIndex = 0; path = Pods_StyledStringTv.framework; sourceTree = BUILT_PRODUCTS_DIR; };
		C8EB39FE7C2FD6B5ADF2F715 /* Pods-StyledStringTv.debug.xcconfig */ = {isa = PBXFileReference; includeInIndex = 1; lastKnownFileType = text.xcconfig; name = "Pods-StyledStringTv.debug.xcconfig"; path = "Pods/Target Support Files/Pods-StyledStringTv/Pods-StyledStringTv.debug.xcconfig"; sourceTree = "<group>"; };
		E2ED426020B1A6450099829B /* StyledStringTv.app */ = {isa = PBXFileReference; explicitFileType = wrapper.application; includeInIndex = 0; path = StyledStringTv.app; sourceTree = BUILT_PRODUCTS_DIR; };
		E2ED426320B1A6450099829B /* AppDelegate.swift */ = {isa = PBXFileReference; lastKnownFileType = sourcecode.swift; path = AppDelegate.swift; sourceTree = "<group>"; };
		E2ED426520B1A6450099829B /* ViewController.swift */ = {isa = PBXFileReference; lastKnownFileType = sourcecode.swift; path = ViewController.swift; sourceTree = "<group>"; };
		E2ED426820B1A6450099829B /* Base */ = {isa = PBXFileReference; lastKnownFileType = file.storyboard; name = Base; path = Base.lproj/Main.storyboard; sourceTree = "<group>"; };
		E2ED426A20B1A6470099829B /* Assets.xcassets */ = {isa = PBXFileReference; lastKnownFileType = folder.assetcatalog; path = Assets.xcassets; sourceTree = "<group>"; };
		E2ED426C20B1A6470099829B /* Info.plist */ = {isa = PBXFileReference; lastKnownFileType = text.plist.xml; path = Info.plist; sourceTree = "<group>"; };
/* End PBXFileReference section */

/* Begin PBXFrameworksBuildPhase section */
		E2ED425D20B1A6450099829B /* Frameworks */ = {
			isa = PBXFrameworksBuildPhase;
			buildActionMask = 2147483647;
			files = (
				D858AA5E004C6E51295CA094 /* Pods_StyledStringTv.framework in Frameworks */,
			);
			runOnlyForDeploymentPostprocessing = 0;
		};
/* End PBXFrameworksBuildPhase section */

/* Begin PBXGroup section */
		063F57BA8692D8A8B288D276 /* Frameworks */ = {
			isa = PBXGroup;
			children = (
				8E5B54DA34D633C62A2F6457 /* Pods_StyledStringTv.framework */,
			);
			name = Frameworks;
			sourceTree = "<group>";
		};
		65A4D409C7496DDC7E1B6957 /* Pods */ = {
			isa = PBXGroup;
			children = (
				C8EB39FE7C2FD6B5ADF2F715 /* Pods-StyledStringTv.debug.xcconfig */,
				1D96188CFDB2316B139B3D6A /* Pods-StyledStringTv.release.xcconfig */,
			);
			name = Pods;
			sourceTree = "<group>";
		};
		E2ED425720B1A6450099829B = {
			isa = PBXGroup;
			children = (
				E2ED426220B1A6450099829B /* StyledStringTv */,
				E2ED426120B1A6450099829B /* Products */,
				65A4D409C7496DDC7E1B6957 /* Pods */,
				063F57BA8692D8A8B288D276 /* Frameworks */,
			);
			sourceTree = "<group>";
		};
		E2ED426120B1A6450099829B /* Products */ = {
			isa = PBXGroup;
			children = (
				E2ED426020B1A6450099829B /* StyledStringTv.app */,
			);
			name = Products;
			sourceTree = "<group>";
		};
		E2ED426220B1A6450099829B /* StyledStringTv */ = {
			isa = PBXGroup;
			children = (
				E2ED426320B1A6450099829B /* AppDelegate.swift */,
				E2ED426520B1A6450099829B /* ViewController.swift */,
				E2ED426720B1A6450099829B /* Main.storyboard */,
				E2ED426A20B1A6470099829B /* Assets.xcassets */,
				E2ED426C20B1A6470099829B /* Info.plist */,
			);
			path = StyledStringTv;
			sourceTree = "<group>";
		};
/* End PBXGroup section */

/* Begin PBXNativeTarget section */
		E2ED425F20B1A6450099829B /* StyledStringTv */ = {
			isa = PBXNativeTarget;
			buildConfigurationList = E2ED426F20B1A6470099829B /* Build configuration list for PBXNativeTarget "StyledStringTv" */;
			buildPhases = (
				C1DDDF263557B2B550B95C6A /* [CP] Check Pods Manifest.lock */,
				E2ED425C20B1A6450099829B /* Sources */,
				E2ED425D20B1A6450099829B /* Frameworks */,
				E2ED425E20B1A6450099829B /* Resources */,
				DA2D1E5F073B24EA605F4A1A /* [CP] Embed Pods Frameworks */,
			);
			buildRules = (
			);
			dependencies = (
			);
			name = StyledStringTv;
			productName = StyledStringTv;
			productReference = E2ED426020B1A6450099829B /* StyledStringTv.app */;
			productType = "com.apple.product-type.application";
		};
/* End PBXNativeTarget section */

/* Begin PBXProject section */
		E2ED425820B1A6450099829B /* Project object */ = {
			isa = PBXProject;
			attributes = {
				LastSwiftUpdateCheck = 0930;
				LastUpgradeCheck = 0930;
				ORGANIZATIONNAME = Q42;
				TargetAttributes = {
					E2ED425F20B1A6450099829B = {
						CreatedOnToolsVersion = 9.3;
						LastSwiftMigration = 1020;
					};
				};
			};
			buildConfigurationList = E2ED425B20B1A6450099829B /* Build configuration list for PBXProject "StyledStringTv" */;
			compatibilityVersion = "Xcode 9.3";
			developmentRegion = en;
			hasScannedForEncodings = 0;
			knownRegions = (
				en,
				Base,
			);
			mainGroup = E2ED425720B1A6450099829B;
			productRefGroup = E2ED426120B1A6450099829B /* Products */;
			projectDirPath = "";
			projectRoot = "";
			targets = (
				E2ED425F20B1A6450099829B /* StyledStringTv */,
			);
		};
/* End PBXProject section */

/* Begin PBXResourcesBuildPhase section */
		E2ED425E20B1A6450099829B /* Resources */ = {
			isa = PBXResourcesBuildPhase;
			buildActionMask = 2147483647;
			files = (
				E2ED426B20B1A6470099829B /* Assets.xcassets in Resources */,
				E2ED426920B1A6450099829B /* Main.storyboard in Resources */,
			);
			runOnlyForDeploymentPostprocessing = 0;
		};
/* End PBXResourcesBuildPhase section */

/* Begin PBXShellScriptBuildPhase section */
		C1DDDF263557B2B550B95C6A /* [CP] Check Pods Manifest.lock */ = {
			isa = PBXShellScriptBuildPhase;
			buildActionMask = 2147483647;
			files = (
			);
			inputPaths = (
				"${PODS_PODFILE_DIR_PATH}/Podfile.lock",
				"${PODS_ROOT}/Manifest.lock",
			);
			name = "[CP] Check Pods Manifest.lock";
			outputPaths = (
				"$(DERIVED_FILE_DIR)/Pods-StyledStringTv-checkManifestLockResult.txt",
			);
			runOnlyForDeploymentPostprocessing = 0;
			shellPath = /bin/sh;
			shellScript = "diff \"${PODS_PODFILE_DIR_PATH}/Podfile.lock\" \"${PODS_ROOT}/Manifest.lock\" > /dev/null\nif [ $? != 0 ] ; then\n    # print error to STDERR\n    echo \"error: The sandbox is not in sync with the Podfile.lock. Run 'pod install' or update your CocoaPods installation.\" >&2\n    exit 1\nfi\n# This output is used by Xcode 'outputs' to avoid re-running this script phase.\necho \"SUCCESS\" > \"${SCRIPT_OUTPUT_FILE_0}\"\n";
			showEnvVarsInLog = 0;
		};
		DA2D1E5F073B24EA605F4A1A /* [CP] Embed Pods Frameworks */ = {
			isa = PBXShellScriptBuildPhase;
			buildActionMask = 2147483647;
			files = (
			);
			inputFileListPaths = (
				"${PODS_ROOT}/Target Support Files/Pods-StyledStringTv/Pods-StyledStringTv-frameworks-${CONFIGURATION}-input-files.xcfilelist",
			);
			name = "[CP] Embed Pods Frameworks";
			outputFileListPaths = (
				"${PODS_ROOT}/Target Support Files/Pods-StyledStringTv/Pods-StyledStringTv-frameworks-${CONFIGURATION}-output-files.xcfilelist",
			);
			runOnlyForDeploymentPostprocessing = 0;
			shellPath = /bin/sh;
			shellScript = "\"${PODS_ROOT}/Target Support Files/Pods-StyledStringTv/Pods-StyledStringTv-frameworks.sh\"\n";
			showEnvVarsInLog = 0;
		};
/* End PBXShellScriptBuildPhase section */

/* Begin PBXSourcesBuildPhase section */
		E2ED425C20B1A6450099829B /* Sources */ = {
			isa = PBXSourcesBuildPhase;
			buildActionMask = 2147483647;
			files = (
				E2ED426620B1A6450099829B /* ViewController.swift in Sources */,
				E2ED426420B1A6450099829B /* AppDelegate.swift in Sources */,
			);
			runOnlyForDeploymentPostprocessing = 0;
		};
/* End PBXSourcesBuildPhase section */

/* Begin PBXVariantGroup section */
		E2ED426720B1A6450099829B /* Main.storyboard */ = {
			isa = PBXVariantGroup;
			children = (
				E2ED426820B1A6450099829B /* Base */,
			);
			name = Main.storyboard;
			sourceTree = "<group>";
		};
/* End PBXVariantGroup section */

/* Begin XCBuildConfiguration section */
		E2ED426D20B1A6470099829B /* Debug */ = {
			isa = XCBuildConfiguration;
			buildSettings = {
				ALWAYS_SEARCH_USER_PATHS = NO;
				CLANG_ANALYZER_NONNULL = YES;
				CLANG_ANALYZER_NUMBER_OBJECT_CONVERSION = YES_AGGRESSIVE;
				CLANG_CXX_LANGUAGE_STANDARD = "gnu++14";
				CLANG_CXX_LIBRARY = "libc++";
				CLANG_ENABLE_MODULES = YES;
				CLANG_ENABLE_OBJC_ARC = YES;
				CLANG_ENABLE_OBJC_WEAK = YES;
				CLANG_WARN_BLOCK_CAPTURE_AUTORELEASING = YES;
				CLANG_WARN_BOOL_CONVERSION = YES;
				CLANG_WARN_COMMA = YES;
				CLANG_WARN_CONSTANT_CONVERSION = YES;
				CLANG_WARN_DEPRECATED_OBJC_IMPLEMENTATIONS = YES;
				CLANG_WARN_DIRECT_OBJC_ISA_USAGE = YES_ERROR;
				CLANG_WARN_DOCUMENTATION_COMMENTS = YES;
				CLANG_WARN_EMPTY_BODY = YES;
				CLANG_WARN_ENUM_CONVERSION = YES;
				CLANG_WARN_INFINITE_RECURSION = YES;
				CLANG_WARN_INT_CONVERSION = YES;
				CLANG_WARN_NON_LITERAL_NULL_CONVERSION = YES;
				CLANG_WARN_OBJC_IMPLICIT_RETAIN_SELF = YES;
				CLANG_WARN_OBJC_LITERAL_CONVERSION = YES;
				CLANG_WARN_OBJC_ROOT_CLASS = YES_ERROR;
				CLANG_WARN_RANGE_LOOP_ANALYSIS = YES;
				CLANG_WARN_STRICT_PROTOTYPES = YES;
				CLANG_WARN_SUSPICIOUS_MOVE = YES;
				CLANG_WARN_UNGUARDED_AVAILABILITY = YES_AGGRESSIVE;
				CLANG_WARN_UNREACHABLE_CODE = YES;
				CLANG_WARN__DUPLICATE_METHOD_MATCH = YES;
				COPY_PHASE_STRIP = NO;
				DEBUG_INFORMATION_FORMAT = dwarf;
				ENABLE_STRICT_OBJC_MSGSEND = YES;
				ENABLE_TESTABILITY = YES;
				GCC_C_LANGUAGE_STANDARD = gnu11;
				GCC_DYNAMIC_NO_PIC = NO;
				GCC_NO_COMMON_BLOCKS = YES;
				GCC_OPTIMIZATION_LEVEL = 0;
				GCC_PREPROCESSOR_DEFINITIONS = (
					"DEBUG=1",
					"$(inherited)",
				);
				GCC_WARN_64_TO_32_BIT_CONVERSION = YES;
				GCC_WARN_ABOUT_RETURN_TYPE = YES_ERROR;
				GCC_WARN_UNDECLARED_SELECTOR = YES;
				GCC_WARN_UNINITIALIZED_AUTOS = YES_AGGRESSIVE;
				GCC_WARN_UNUSED_FUNCTION = YES;
				GCC_WARN_UNUSED_VARIABLE = YES;
				MTL_ENABLE_DEBUG_INFO = YES;
				ONLY_ACTIVE_ARCH = YES;
				SDKROOT = appletvos;
				SWIFT_ACTIVE_COMPILATION_CONDITIONS = DEBUG;
				SWIFT_OPTIMIZATION_LEVEL = "-Onone";
				TVOS_DEPLOYMENT_TARGET = 11.3;
			};
			name = Debug;
		};
		E2ED426E20B1A6470099829B /* Release */ = {
			isa = XCBuildConfiguration;
			buildSettings = {
				ALWAYS_SEARCH_USER_PATHS = NO;
				CLANG_ANALYZER_NONNULL = YES;
				CLANG_ANALYZER_NUMBER_OBJECT_CONVERSION = YES_AGGRESSIVE;
				CLANG_CXX_LANGUAGE_STANDARD = "gnu++14";
				CLANG_CXX_LIBRARY = "libc++";
				CLANG_ENABLE_MODULES = YES;
				CLANG_ENABLE_OBJC_ARC = YES;
				CLANG_ENABLE_OBJC_WEAK = YES;
				CLANG_WARN_BLOCK_CAPTURE_AUTORELEASING = YES;
				CLANG_WARN_BOOL_CONVERSION = YES;
				CLANG_WARN_COMMA = YES;
				CLANG_WARN_CONSTANT_CONVERSION = YES;
				CLANG_WARN_DEPRECATED_OBJC_IMPLEMENTATIONS = YES;
				CLANG_WARN_DIRECT_OBJC_ISA_USAGE = YES_ERROR;
				CLANG_WARN_DOCUMENTATION_COMMENTS = YES;
				CLANG_WARN_EMPTY_BODY = YES;
				CLANG_WARN_ENUM_CONVERSION = YES;
				CLANG_WARN_INFINITE_RECURSION = YES;
				CLANG_WARN_INT_CONVERSION = YES;
				CLANG_WARN_NON_LITERAL_NULL_CONVERSION = YES;
				CLANG_WARN_OBJC_IMPLICIT_RETAIN_SELF = YES;
				CLANG_WARN_OBJC_LITERAL_CONVERSION = YES;
				CLANG_WARN_OBJC_ROOT_CLASS = YES_ERROR;
				CLANG_WARN_RANGE_LOOP_ANALYSIS = YES;
				CLANG_WARN_STRICT_PROTOTYPES = YES;
				CLANG_WARN_SUSPICIOUS_MOVE = YES;
				CLANG_WARN_UNGUARDED_AVAILABILITY = YES_AGGRESSIVE;
				CLANG_WARN_UNREACHABLE_CODE = YES;
				CLANG_WARN__DUPLICATE_METHOD_MATCH = YES;
				COPY_PHASE_STRIP = NO;
				DEBUG_INFORMATION_FORMAT = "dwarf-with-dsym";
				ENABLE_NS_ASSERTIONS = NO;
				ENABLE_STRICT_OBJC_MSGSEND = YES;
				GCC_C_LANGUAGE_STANDARD = gnu11;
				GCC_NO_COMMON_BLOCKS = YES;
				GCC_WARN_64_TO_32_BIT_CONVERSION = YES;
				GCC_WARN_ABOUT_RETURN_TYPE = YES_ERROR;
				GCC_WARN_UNDECLARED_SELECTOR = YES;
				GCC_WARN_UNINITIALIZED_AUTOS = YES_AGGRESSIVE;
				GCC_WARN_UNUSED_FUNCTION = YES;
				GCC_WARN_UNUSED_VARIABLE = YES;
				MTL_ENABLE_DEBUG_INFO = NO;
				SDKROOT = appletvos;
				SWIFT_COMPILATION_MODE = wholemodule;
				SWIFT_OPTIMIZATION_LEVEL = "-O";
				TVOS_DEPLOYMENT_TARGET = 11.3;
				VALIDATE_PRODUCT = YES;
			};
			name = Release;
		};
		E2ED427020B1A6470099829B /* Debug */ = {
			isa = XCBuildConfiguration;
			baseConfigurationReference = C8EB39FE7C2FD6B5ADF2F715 /* Pods-StyledStringTv.debug.xcconfig */;
			buildSettings = {
				ASSETCATALOG_COMPILER_APPICON_NAME = "App Icon & Top Shelf Image";
				ASSETCATALOG_COMPILER_LAUNCHIMAGE_NAME = LaunchImage;
				CODE_SIGN_STYLE = Automatic;
				INFOPLIST_FILE = StyledStringTv/Info.plist;
				LD_RUNPATH_SEARCH_PATHS = (
					"$(inherited)",
					"@executable_path/Frameworks",
				);
				PRODUCT_BUNDLE_IDENTIFIER = Q42.StyledStringTv.StyledStringTv;
				PRODUCT_NAME = "$(TARGET_NAME)";
				SWIFT_VERSION = 5.0;
				TARGETED_DEVICE_FAMILY = 3;
			};
			name = Debug;
		};
		E2ED427120B1A6470099829B /* Release */ = {
			isa = XCBuildConfiguration;
			baseConfigurationReference = 1D96188CFDB2316B139B3D6A /* Pods-StyledStringTv.release.xcconfig */;
			buildSettings = {
				ASSETCATALOG_COMPILER_APPICON_NAME = "App Icon & Top Shelf Image";
				ASSETCATALOG_COMPILER_LAUNCHIMAGE_NAME = LaunchImage;
				CODE_SIGN_STYLE = Automatic;
				INFOPLIST_FILE = StyledStringTv/Info.plist;
				LD_RUNPATH_SEARCH_PATHS = (
					"$(inherited)",
					"@executable_path/Frameworks",
				);
				PRODUCT_BUNDLE_IDENTIFIER = Q42.StyledStringTv.StyledStringTv;
				PRODUCT_NAME = "$(TARGET_NAME)";
				SWIFT_VERSION = 5.0;
				TARGETED_DEVICE_FAMILY = 3;
			};
			name = Release;
		};
/* End XCBuildConfiguration section */

/* Begin XCConfigurationList section */
		E2ED425B20B1A6450099829B /* Build configuration list for PBXProject "StyledStringTv" */ = {
			isa = XCConfigurationList;
			buildConfigurations = (
				E2ED426D20B1A6470099829B /* Debug */,
				E2ED426E20B1A6470099829B /* Release */,
			);
			defaultConfigurationIsVisible = 0;
			defaultConfigurationName = Release;
		};
		E2ED426F20B1A6470099829B /* Build configuration list for PBXNativeTarget "StyledStringTv" */ = {
			isa = XCConfigurationList;
			buildConfigurations = (
				E2ED427020B1A6470099829B /* Debug */,
				E2ED427120B1A6470099829B /* Release */,
			);
			defaultConfigurationIsVisible = 0;
			defaultConfigurationName = Release;
		};
/* End XCConfigurationList section */
	};
	rootObject = E2ED425820B1A6450099829B /* Project object */;
}
