// !$*UTF8*$!
{
	archiveVersion = 1;
	classes = {
	};
	objectVersion = 46;
	objects = {

/* Begin PBXBuildFile section */
		CAE6C06530E25263D9278955 /* Pods_StyledStringExample.framework in Frameworks */ = {isa = PBXBuildFile; fileRef = A92472C7F63F0C2E105DE62F /* Pods_StyledStringExample.framework */; };
		E228C9AE1C162BCC0013DCCF /* AppDelegate.swift in Sources */ = {isa = PBXBuildFile; fileRef = E228C9AD1C162BCC0013DCCF /* AppDelegate.swift */; };
		E228C9B01C162BCC0013DCCF /* ViewController.swift in Sources */ = {isa = PBXBuildFile; fileRef = E228C9AF1C162BCC0013DCCF /* ViewController.swift */; };
		E228C9B31C162BCC0013DCCF /* Main.storyboard in Resources */ = {isa = PBXBuildFile; fileRef = E228C9B11C162BCC0013DCCF /* Main.storyboard */; };
		E228C9B51C162BCC0013DCCF /* Assets.xcassets in Resources */ = {isa = PBXBuildFile; fileRef = E228C9B41C162BCC0013DCCF /* Assets.xcassets */; };
		E228C9B81C162BCC0013DCCF /* LaunchScreen.storyboard in Resources */ = {isa = PBXBuildFile; fileRef = E228C9B61C162BCC0013DCCF /* LaunchScreen.storyboard */; };
		E271CB4D1C1C34C500F9E213 /* ViewController+Q42Projects.swift in Sources */ = {isa = PBXBuildFile; fileRef = E271CB4C1C1C34C500F9E213 /* ViewController+Q42Projects.swift */; };
/* End PBXBuildFile section */

/* Begin PBXFileReference section */
		04DF6A940AF91A183FE3041D /* Pods.framework */ = {isa = PBXFileReference; explicitFileType = wrapper.framework; includeInIndex = 0; path = Pods.framework; sourceTree = BUILT_PRODUCTS_DIR; };
		17AA14EF5122091C6719B87E /* Pods-StyledStringExample.debug.xcconfig */ = {isa = PBXFileReference; includeInIndex = 1; lastKnownFileType = text.xcconfig; name = "Pods-StyledStringExample.debug.xcconfig"; path = "Pods/Target Support Files/Pods-StyledStringExample/Pods-StyledStringExample.debug.xcconfig"; sourceTree = "<group>"; };
		A92472C7F63F0C2E105DE62F /* Pods_StyledStringExample.framework */ = {isa = PBXFileReference; explicitFileType = wrapper.framework; includeInIndex = 0; path = Pods_StyledStringExample.framework; sourceTree = BUILT_PRODUCTS_DIR; };
		B1C3F4A0BEDE05EA54F3C990 /* Pods_StyledStringExamplePods_StyledStringExample.framework */ = {isa = PBXFileReference; explicitFileType = wrapper.framework; includeInIndex = 0; path = Pods_StyledStringExamplePods_StyledStringExample.framework; sourceTree = BUILT_PRODUCTS_DIR; };
		D4E362FEE78223648112D616 /* Pods-StyledStringExample.release.xcconfig */ = {isa = PBXFileReference; includeInIndex = 1; lastKnownFileType = text.xcconfig; name = "Pods-StyledStringExample.release.xcconfig"; path = "Pods/Target Support Files/Pods-StyledStringExample/Pods-StyledStringExample.release.xcconfig"; sourceTree = "<group>"; };
		E228C9AA1C162BCC0013DCCF /* StyledStringExample.app */ = {isa = PBXFileReference; explicitFileType = wrapper.application; includeInIndex = 0; path = StyledStringExample.app; sourceTree = BUILT_PRODUCTS_DIR; };
		E228C9AD1C162BCC0013DCCF /* AppDelegate.swift */ = {isa = PBXFileReference; lastKnownFileType = sourcecode.swift; path = AppDelegate.swift; sourceTree = "<group>"; };
		E228C9AF1C162BCC0013DCCF /* ViewController.swift */ = {isa = PBXFileReference; lastKnownFileType = sourcecode.swift; path = ViewController.swift; sourceTree = "<group>"; };
		E228C9B21C162BCC0013DCCF /* Base */ = {isa = PBXFileReference; lastKnownFileType = file.storyboard; name = Base; path = Base.lproj/Main.storyboard; sourceTree = "<group>"; };
		E228C9B41C162BCC0013DCCF /* Assets.xcassets */ = {isa = PBXFileReference; lastKnownFileType = folder.assetcatalog; path = Assets.xcassets; sourceTree = "<group>"; };
		E228C9B71C162BCC0013DCCF /* Base */ = {isa = PBXFileReference; lastKnownFileType = file.storyboard; name = Base; path = Base.lproj/LaunchScreen.storyboard; sourceTree = "<group>"; };
		E228C9B91C162BCC0013DCCF /* Info.plist */ = {isa = PBXFileReference; lastKnownFileType = text.plist.xml; path = Info.plist; sourceTree = "<group>"; };
		E271CB4C1C1C34C500F9E213 /* ViewController+Q42Projects.swift */ = {isa = PBXFileReference; fileEncoding = 4; lastKnownFileType = sourcecode.swift; path = "ViewController+Q42Projects.swift"; sourceTree = "<group>"; };
/* End PBXFileReference section */

/* Begin PBXFrameworksBuildPhase section */
		E228C9A71C162BCC0013DCCF /* Frameworks */ = {
			isa = PBXFrameworksBuildPhase;
			buildActionMask = 2147483647;
			files = (
				CAE6C06530E25263D9278955 /* Pods_StyledStringExample.framework in Frameworks */,
			);
			runOnlyForDeploymentPostprocessing = 0;
		};
/* End PBXFrameworksBuildPhase section */

/* Begin PBXGroup section */
		5F8A472CD3653E87481854A5 /* Frameworks */ = {
			isa = PBXGroup;
			children = (
				04DF6A940AF91A183FE3041D /* Pods.framework */,
				B1C3F4A0BEDE05EA54F3C990 /* Pods_StyledStringExamplePods_StyledStringExample.framework */,
				A92472C7F63F0C2E105DE62F /* Pods_StyledStringExample.framework */,
			);
			name = Frameworks;
			sourceTree = "<group>";
		};
		8A85B7D09BAD7DFE1151C460 /* Pods */ = {
			isa = PBXGroup;
			children = (
				17AA14EF5122091C6719B87E /* Pods-StyledStringExample.debug.xcconfig */,
				D4E362FEE78223648112D616 /* Pods-StyledStringExample.release.xcconfig */,
			);
			name = Pods;
			sourceTree = "<group>";
		};
		E228C9A11C162BCC0013DCCF = {
			isa = PBXGroup;
			children = (
				E228C9AC1C162BCC0013DCCF /* StyledStringExample */,
				E228C9AB1C162BCC0013DCCF /* Products */,
				5F8A472CD3653E87481854A5 /* Frameworks */,
				8A85B7D09BAD7DFE1151C460 /* Pods */,
			);
			sourceTree = "<group>";
		};
		E228C9AB1C162BCC0013DCCF /* Products */ = {
			isa = PBXGroup;
			children = (
				E228C9AA1C162BCC0013DCCF /* StyledStringExample.app */,
			);
			name = Products;
			sourceTree = "<group>";
		};
		E228C9AC1C162BCC0013DCCF /* StyledStringExample */ = {
			isa = PBXGroup;
			children = (
				E228C9AD1C162BCC0013DCCF /* AppDelegate.swift */,
				E228C9B41C162BCC0013DCCF /* Assets.xcassets */,
				E228C9B91C162BCC0013DCCF /* Info.plist */,
				E228C9B61C162BCC0013DCCF /* LaunchScreen.storyboard */,
				E228C9B11C162BCC0013DCCF /* Main.storyboard */,
				E228C9AF1C162BCC0013DCCF /* ViewController.swift */,
				E271CB4C1C1C34C500F9E213 /* ViewController+Q42Projects.swift */,
			);
			path = StyledStringExample;
			sourceTree = "<group>";
		};
/* End PBXGroup section */

/* Begin PBXNativeTarget section */
		E228C9A91C162BCC0013DCCF /* StyledStringExample */ = {
			isa = PBXNativeTarget;
			buildConfigurationList = E228C9BC1C162BCC0013DCCF /* Build configuration list for PBXNativeTarget "StyledStringExample" */;
			buildPhases = (
				EA85F864EF0AF53B36DE6CBD /* [CP] Check Pods Manifest.lock */,
				E228C9A61C162BCC0013DCCF /* Sources */,
				E228C9A71C162BCC0013DCCF /* Frameworks */,
				E228C9A81C162BCC0013DCCF /* Resources */,
				F24C5C5086D6903C80B5E3F8 /* [CP] Embed Pods Frameworks */,
				4A6C2A65F88FCC564B5490EC /* [CP] Copy Pods Resources */,
			);
			buildRules = (
			);
			dependencies = (
			);
			name = StyledStringExample;
			productName = StyledStringExample;
			productReference = E228C9AA1C162BCC0013DCCF /* StyledStringExample.app */;
			productType = "com.apple.product-type.application";
		};
/* End PBXNativeTarget section */

/* Begin PBXProject section */
		E228C9A21C162BCC0013DCCF /* Project object */ = {
			isa = PBXProject;
			attributes = {
				LastSwiftUpdateCheck = 0710;
				LastUpgradeCheck = 0820;
				ORGANIZATIONNAME = "Tom Lokhorst";
				TargetAttributes = {
					E228C9A91C162BCC0013DCCF = {
						CreatedOnToolsVersion = 7.1.1;
						LastSwiftMigration = 0800;
					};
				};
			};
			buildConfigurationList = E228C9A51C162BCC0013DCCF /* Build configuration list for PBXProject "StyledStringExample" */;
			compatibilityVersion = "Xcode 3.2";
			developmentRegion = English;
			hasScannedForEncodings = 0;
			knownRegions = (
				en,
				Base,
			);
			mainGroup = E228C9A11C162BCC0013DCCF;
			productRefGroup = E228C9AB1C162BCC0013DCCF /* Products */;
			projectDirPath = "";
			projectRoot = "";
			targets = (
				E228C9A91C162BCC0013DCCF /* StyledStringExample */,
			);
		};
/* End PBXProject section */

/* Begin PBXResourcesBuildPhase section */
		E228C9A81C162BCC0013DCCF /* Resources */ = {
			isa = PBXResourcesBuildPhase;
			buildActionMask = 2147483647;
			files = (
				E228C9B81C162BCC0013DCCF /* LaunchScreen.storyboard in Resources */,
				E228C9B51C162BCC0013DCCF /* Assets.xcassets in Resources */,
				E228C9B31C162BCC0013DCCF /* Main.storyboard in Resources */,
			);
			runOnlyForDeploymentPostprocessing = 0;
		};
/* End PBXResourcesBuildPhase section */

/* Begin PBXShellScriptBuildPhase section */
		4A6C2A65F88FCC564B5490EC /* [CP] Copy Pods Resources */ = {
			isa = PBXShellScriptBuildPhase;
			buildActionMask = 2147483647;
			files = (
			);
			inputPaths = (
			);
			name = "[CP] Copy Pods Resources";
			outputPaths = (
			);
			runOnlyForDeploymentPostprocessing = 0;
			shellPath = /bin/sh;
			shellScript = "\"${SRCROOT}/Pods/Target Support Files/Pods-StyledStringExample/Pods-StyledStringExample-resources.sh\"\n";
			showEnvVarsInLog = 0;
		};
		EA85F864EF0AF53B36DE6CBD /* [CP] Check Pods Manifest.lock */ = {
			isa = PBXShellScriptBuildPhase;
			buildActionMask = 2147483647;
			files = (
			);
			inputPaths = (
			);
			name = "[CP] Check Pods Manifest.lock";
			outputPaths = (
			);
			runOnlyForDeploymentPostprocessing = 0;
			shellPath = /bin/sh;
			shellScript = "diff \"${PODS_ROOT}/../Podfile.lock\" \"${PODS_ROOT}/Manifest.lock\" > /dev/null\nif [ $? != 0 ] ; then\n    # print error to STDERR\n    echo \"error: The sandbox is not in sync with the Podfile.lock. Run 'pod install' or update your CocoaPods installation.\" >&2\n    exit 1\nfi\n";
			showEnvVarsInLog = 0;
		};
		F24C5C5086D6903C80B5E3F8 /* [CP] Embed Pods Frameworks */ = {
			isa = PBXShellScriptBuildPhase;
			buildActionMask = 2147483647;
			files = (
			);
			inputPaths = (
			);
			name = "[CP] Embed Pods Frameworks";
			outputPaths = (
			);
			runOnlyForDeploymentPostprocessing = 0;
			shellPath = /bin/sh;
			shellScript = "\"${SRCROOT}/Pods/Target Support Files/Pods-StyledStringExample/Pods-StyledStringExample-frameworks.sh\"\n";
			showEnvVarsInLog = 0;
		};
/* End PBXShellScriptBuildPhase section */

/* Begin PBXSourcesBuildPhase section */
		E228C9A61C162BCC0013DCCF /* Sources */ = {
			isa = PBXSourcesBuildPhase;
			buildActionMask = 2147483647;
			files = (
				E228C9B01C162BCC0013DCCF /* ViewController.swift in Sources */,
				E271CB4D1C1C34C500F9E213 /* ViewController+Q42Projects.swift in Sources */,
				E228C9AE1C162BCC0013DCCF /* AppDelegate.swift in Sources */,
			);
			runOnlyForDeploymentPostprocessing = 0;
		};
/* End PBXSourcesBuildPhase section */

/* Begin PBXVariantGroup section */
		E228C9B11C162BCC0013DCCF /* Main.storyboard */ = {
			isa = PBXVariantGroup;
			children = (
				E228C9B21C162BCC0013DCCF /* Base */,
			);
			name = Main.storyboard;
			sourceTree = "<group>";
		};
		E228C9B61C162BCC0013DCCF /* LaunchScreen.storyboard */ = {
			isa = PBXVariantGroup;
			children = (
				E228C9B71C162BCC0013DCCF /* Base */,
			);
			name = LaunchScreen.storyboard;
			sourceTree = "<group>";
		};
/* End PBXVariantGroup section */

/* Begin XCBuildConfiguration section */
		E228C9BA1C162BCC0013DCCF /* Debug */ = {
			isa = XCBuildConfiguration;
			buildSettings = {
				ALWAYS_SEARCH_USER_PATHS = NO;
				CLANG_CXX_LANGUAGE_STANDARD = "gnu++0x";
				CLANG_CXX_LIBRARY = "libc++";
				CLANG_ENABLE_MODULES = YES;
				CLANG_ENABLE_OBJC_ARC = YES;
				CLANG_WARN_BOOL_CONVERSION = YES;
				CLANG_WARN_CONSTANT_CONVERSION = YES;
				CLANG_WARN_DIRECT_OBJC_ISA_USAGE = YES_ERROR;
				CLANG_WARN_EMPTY_BODY = YES;
				CLANG_WARN_ENUM_CONVERSION = YES;
				CLANG_WARN_INFINITE_RECURSION = YES;
				CLANG_WARN_INT_CONVERSION = YES;
				CLANG_WARN_OBJC_ROOT_CLASS = YES_ERROR;
				CLANG_WARN_SUSPICIOUS_MOVE = YES;
				CLANG_WARN_UNREACHABLE_CODE = YES;
				CLANG_WARN__DUPLICATE_METHOD_MATCH = YES;
				"CODE_SIGN_IDENTITY[sdk=iphoneos*]" = "iPhone Developer";
				COPY_PHASE_STRIP = NO;
				DEBUG_INFORMATION_FORMAT = dwarf;
				ENABLE_STRICT_OBJC_MSGSEND = YES;
				ENABLE_TESTABILITY = YES;
				GCC_C_LANGUAGE_STANDARD = gnu99;
				GCC_DYNAMIC_NO_PIC = NO;
				GCC_NO_COMMON_BLOCKS = YES;
				GCC_OPTIMIZATION_LEVEL = 0;
				GCC_PREPROCESSOR_DEFINITIONS = (
					"DEBUG=1",
					"$(inherited)",
				);
				GCC_WARN_64_TO_32_BIT_CONVERSION = YES;
				GCC_WARN_ABOUT_RETURN_TYPE = YES_ERROR;
				GCC_WARN_UNDECLARED_SELECTOR = YES;
				GCC_WARN_UNINITIALIZED_AUTOS = YES_AGGRESSIVE;
				GCC_WARN_UNUSED_FUNCTION = YES;
				GCC_WARN_UNUSED_VARIABLE = YES;
				IPHONEOS_DEPLOYMENT_TARGET = 9.1;
				MTL_ENABLE_DEBUG_INFO = YES;
				ONLY_ACTIVE_ARCH = YES;
				SDKROOT = iphoneos;
				SWIFT_OPTIMIZATION_LEVEL = "-Onone";
				TARGETED_DEVICE_FAMILY = "1,2";
			};
			name = Debug;
		};
		E228C9BB1C162BCC0013DCCF /* Release */ = {
			isa = XCBuildConfiguration;
			buildSettings = {
				ALWAYS_SEARCH_USER_PATHS = NO;
				CLANG_CXX_LANGUAGE_STANDARD = "gnu++0x";
				CLANG_CXX_LIBRARY = "libc++";
				CLANG_ENABLE_MODULES = YES;
				CLANG_ENABLE_OBJC_ARC = YES;
				CLANG_WARN_BOOL_CONVERSION = YES;
				CLANG_WARN_CONSTANT_CONVERSION = YES;
				CLANG_WARN_DIRECT_OBJC_ISA_USAGE = YES_ERROR;
				CLANG_WARN_EMPTY_BODY = YES;
				CLANG_WARN_ENUM_CONVERSION = YES;
				CLANG_WARN_INFINITE_RECURSION = YES;
				CLANG_WARN_INT_CONVERSION = YES;
				CLANG_WARN_OBJC_ROOT_CLASS = YES_ERROR;
				CLANG_WARN_SUSPICIOUS_MOVE = YES;
				CLANG_WARN_UNREACHABLE_CODE = YES;
				CLANG_WARN__DUPLICATE_METHOD_MATCH = YES;
				"CODE_SIGN_IDENTITY[sdk=iphoneos*]" = "iPhone Developer";
				COPY_PHASE_STRIP = NO;
				DEBUG_INFORMATION_FORMAT = "dwarf-with-dsym";
				ENABLE_NS_ASSERTIONS = NO;
				ENABLE_STRICT_OBJC_MSGSEND = YES;
				GCC_C_LANGUAGE_STANDARD = gnu99;
				GCC_NO_COMMON_BLOCKS = YES;
				GCC_WARN_64_TO_32_BIT_CONVERSION = YES;
				GCC_WARN_ABOUT_RETURN_TYPE = YES_ERROR;
				GCC_WARN_UNDECLARED_SELECTOR = YES;
				GCC_WARN_UNINITIALIZED_AUTOS = YES_AGGRESSIVE;
				GCC_WARN_UNUSED_FUNCTION = YES;
				GCC_WARN_UNUSED_VARIABLE = YES;
				IPHONEOS_DEPLOYMENT_TARGET = 9.1;
				MTL_ENABLE_DEBUG_INFO = NO;
				SDKROOT = iphoneos;
				TARGETED_DEVICE_FAMILY = "1,2";
				VALIDATE_PRODUCT = YES;
			};
			name = Release;
		};
		E228C9BD1C162BCC0013DCCF /* Debug */ = {
			isa = XCBuildConfiguration;
			baseConfigurationReference = 17AA14EF5122091C6719B87E /* Pods-StyledStringExample.debug.xcconfig */;
			buildSettings = {
				ASSETCATALOG_COMPILER_APPICON_NAME = AppIcon;
				INFOPLIST_FILE = StyledStringExample/Info.plist;
				LD_RUNPATH_SEARCH_PATHS = "$(inherited) @executable_path/Frameworks";
				PRODUCT_BUNDLE_IDENTIFIER = Q42.StyledStringExample;
				PRODUCT_NAME = "$(TARGET_NAME)";
				SWIFT_VERSION = 3.0;
			};
			name = Debug;
		};
		E228C9BE1C162BCC0013DCCF /* Release */ = {
			isa = XCBuildConfiguration;
			baseConfigurationReference = D4E362FEE78223648112D616 /* Pods-StyledStringExample.release.xcconfig */;
			buildSettings = {
				ASSETCATALOG_COMPILER_APPICON_NAME = AppIcon;
				INFOPLIST_FILE = StyledStringExample/Info.plist;
				LD_RUNPATH_SEARCH_PATHS = "$(inherited) @executable_path/Frameworks";
				PRODUCT_BUNDLE_IDENTIFIER = Q42.StyledStringExample;
				PRODUCT_NAME = "$(TARGET_NAME)";
				SWIFT_OPTIMIZATION_LEVEL = "-Owholemodule";
				SWIFT_VERSION = 3.0;
			};
			name = Release;
		};
/* End XCBuildConfiguration section */

/* Begin XCConfigurationList section */
		E228C9A51C162BCC0013DCCF /* Build configuration list for PBXProject "StyledStringExample" */ = {
			isa = XCConfigurationList;
			buildConfigurations = (
				E228C9BA1C162BCC0013DCCF /* Debug */,
				E228C9BB1C162BCC0013DCCF /* Release */,
			);
			defaultConfigurationIsVisible = 0;
			defaultConfigurationName = Release;
		};
		E228C9BC1C162BCC0013DCCF /* Build configuration list for PBXNativeTarget "StyledStringExample" */ = {
			isa = XCConfigurationList;
			buildConfigurations = (
				E228C9BD1C162BCC0013DCCF /* Debug */,
				E228C9BE1C162BCC0013DCCF /* Release */,
			);
			defaultConfigurationIsVisible = 0;
			defaultConfigurationName = Release;
		};
/* End XCConfigurationList section */
	};
	rootObject = E228C9A21C162BCC0013DCCF /* Project object */;
}
